# This file is automatically @generated by Cargo.
# It is not intended for manual editing.
version = 4

[[package]]
name = "peg"
version = "0.8.5"
dependencies = [
 "peg-macros",
 "peg-runtime",
]

[[package]]
name = "peg-macros"
version = "0.8.5"
source = "registry+https://github.com/rust-lang/crates.io-index"
checksum = "6298ab04c202fa5b5d52ba03269fb7b74550b150323038878fe6c372d8280f71"
dependencies = [
 "peg-runtime",
 "proc-macro2",
 "quote",
]

[[package]]
name = "peg-runtime"
version = "0.8.5"
source = "registry+https://github.com/rust-lang/crates.io-index"
checksum = "132dca9b868d927b35b5dd728167b2dee150eb1ad686008fc71ccb298b776fca"

[[package]]
name = "pico386-rs"
version = "0.1.0"
dependencies = [
 "peg",
]

[[package]]
name = "proc-macro2"
version = "1.0.106"
source = "registry+https://github.com/rust-lang/crates.io-index"
checksum = "8fd00f0bb2e90d81d1044c2b32617f68fcb9fa3bb7640c23e9c748e53fb30934"
dependencies = [
 "unicode-ident",
]

[[package]]
name = "quote"
version = "1.0.45"
source = "registry+https://github.com/rust-lang/crates.io-index"
checksum = "41f2619966050689382d2b44f664f4bc593e129785a36d6ee376ddf37259b924"
dependencies = [
 "proc-macro2",
]

[[package]]
name = "unicode-ident"
version = "1.0.24"
source = "registry+https://github.com/rust-lang/crates.io-index"
checksum = "e6e4313cd5fcd3dad5cafa179702e2b244f760991f45397d14d4ebf38247da75"
